
Microsoft Visual Studio Solution File, Format Version 12.00
# Visual Studio 15
VisualStudioVersion = 15.0.27428.2027
MinimumVisualStudioVersion = 10.0.40219.1
Project("{8BC9CEB8-8B4A-11D0-8D11-00A0C91BC942}") = "Milestone1", "Milestone1\Milestone1.vcxproj", "{F3E3BC23-783F-4356-BAFF-A210E550692A}"
EndProject
Global
	GlobalSection(SolutionConfigurationPlatforms) = preSolution
		Debug|x64 = Debug|x64
		Debug|x86 = Debug|x86
		Release|x64 = Release|x64
		Release|x86 = Release|x86
	EndGlobalSection
	GlobalSection(ProjectConfigurationPlatforms) = postSolution
		{F3E3BC23-783F-4356-BAFF-A210E550692A}.Debug|x64.ActiveCfg = Debug|x64
		{F3E3BC23-783F-4356-BAFF-A210E550692A}.Debug|x64.Build.0 = Debug|x64
		{F3E3BC23-783F-4356-BAFF-A210E550692A}.Debug|x86.ActiveCfg = Debug|Win32
		{F3E3BC23-783F-4356-BAFF-A210E550692A}.Debug|x86.Build.0 = Debug|Win32
		{F3E3BC23-783F-4356-BAFF-A210E550692A}.Release|x64.ActiveCfg = Release|x64
		{F3E3BC23-783F-4356-BAFF-A210E550692A}.Release|x64.Build.0 = Release|x64
		{F3E3BC23-783F-4356-BAFF-A210E550692A}.Release|x86.ActiveCfg = Release|Win32
		{F3E3BC23-783F-4356-BAFF-A210E550692A}.Release|x86.Build.0 = Release|Win32
	EndGlobalSection
	GlobalSection(SolutionProperties) = preSolution
		HideSolutionNode = FALSE
	EndGlobalSection
	GlobalSection(ExtensibilityGlobals) = postSolution
		SolutionGuid = {EDEC46ED-F3E3-4E24-B1BB-E30D2AE3F286}
	EndGlobalSection
EndGlobal
